
Microsoft Visual Studio Solution File, Format Version 12.00
# Visual Studio Version 17
VisualStudioVersion = 17.10.34928.147
MinimumVisualStudioVersion = 10.0.40219.1
Project("{FAE04EC0-301F-11D3-BF4B-00C04F79EFBC}") = "lab_equipe", "lab_equipe\lab_equipe.csproj", "{CEA0461C-031B-48B8-9AC7-3FE743439B6A}"
EndProject
Global
	GlobalSection(SolutionConfigurationPlatforms) = preSolution
		Debug|Any CPU = Debug|Any CPU
		Release|Any CPU = Release|Any CPU
	EndGlobalSection
	GlobalSection(ProjectConfigurationPlatforms) = postSolution
		{CEA0461C-031B-48B8-9AC7-3FE743439B6A}.Debug|Any CPU.ActiveCfg = Debug|Any CPU
		{CEA0461C-031B-48B8-9AC7-3FE743439B6A}.Debug|Any CPU.Build.0 = Debug|Any CPU
		{CEA0461C-031B-48B8-9AC7-3FE743439B6A}.Release|Any CPU.ActiveCfg = Release|Any CPU
		{CEA0461C-031B-48B8-9AC7-3FE743439B6A}.Release|Any CPU.Build.0 = Release|Any CPU
	EndGlobalSection
	GlobalSection(SolutionProperties) = preSolution
		HideSolutionNode = FALSE
	EndGlobalSection
	GlobalSection(ExtensibilityGlobals) = postSolution
		SolutionGuid = {58C551A2-F4B3-4E61-A089-E28BDDA5DC81}
	EndGlobalSection
EndGlobal
